# @generated by Move, please check-in and do not edit manually.

[move]
version = 3
manifest_digest = "78BEABBFC99E6446BB482549ACA3533C5D70D591C817DAD6234CDDFFDF27CA5A"
deps_digest = "F8BBB0CCB2491CA29A3DF03D6F92277A4F3574266507ACD77214D37ECA3F3082"
dependencies = [
  { id = "Sui", name = "Sui" },
]

[[move.package]]
id = "MoveStdlib"
source = { git = "https://github.com/MystenLabs/sui.git", rev = "main", subdir = "crates/sui-framework/packages/move-stdlib" }

[[move.package]]
id = "Sui"
source = { git = "https://github.com/MystenLabs/sui.git", rev = "main", subdir = "crates/sui-framework/packages/sui-framework" }

dependencies = [
  { id = "MoveStdlib", name = "MoveStdlib" },
]

[move.toolchain-version]
compiler-version = "1.44.0"
edition = "2024.beta"
flavor = "sui"

[env]

[env.local]
chain-id = "ca12066e"
original-published-id = "0x48d9608a878a14dd9e389c6badfab6d7967a6c8febb0cbbf0f39b1061467f0d5"
latest-published-id = "0x48d9608a878a14dd9e389c6badfab6d7967a6c8febb0cbbf0f39b1061467f0d5"
published-version = "1"

[env.testnet]
chain-id = "4c78adac"
original-published-id = "0x5df77adb540305c3a7ddced599821f637cbf9b7f585d76369fd8182fea0a21f4"
latest-published-id = "0x5df77adb540305c3a7ddced599821f637cbf9b7f585d76369fd8182fea0a21f4"
published-version = "1"
