# @generated by Move, please check-in and do not edit manually.

[move]
version = 3
manifest_digest = "78BEABBFC99E6446BB482549ACA3533C5D70D591C817DAD6234CDDFFDF27CA5A"
deps_digest = "F8BBB0CCB2491CA29A3DF03D6F92277A4F3574266507ACD77214D37ECA3F3082"
dependencies = [
  { id = "Sui", name = "Sui" },
]

[[move.package]]
id = "MoveStdlib"
source = { git = "https://github.com/MystenLabs/sui.git", rev = "main", subdir = "crates/sui-framework/packages/move-stdlib" }

[[move.package]]
id = "Sui"
source = { git = "https://github.com/MystenLabs/sui.git", rev = "main", subdir = "crates/sui-framework/packages/sui-framework" }

dependencies = [
  { id = "MoveStdlib", name = "MoveStdlib" },
]

[move.toolchain-version]
compiler-version = "1.44.3"
edition = "2024.beta"
flavor = "sui"

[env]

[env.local]
chain-id = "f951bc21"
original-published-id = "0xf164be06fb148357d3f1b24935c23ddb25dfc73b1d6c0f1eddedd21638767553"
latest-published-id = "0xf164be06fb148357d3f1b24935c23ddb25dfc73b1d6c0f1eddedd21638767553"
published-version = "1"

[env.testnet]
chain-id = "4c78adac"
original-published-id = "0xf1c84f3b63a233ad9706ced7fda88c1dadc5748bbb7f8cfc21dfe87274a314a3"
latest-published-id = "0xf1c84f3b63a233ad9706ced7fda88c1dadc5748bbb7f8cfc21dfe87274a314a3"
published-version = "1"
