# @generated by Move, please check-in and do not edit manually.

[move]
version = 3
manifest_digest = "78BEABBFC99E6446BB482549ACA3533C5D70D591C817DAD6234CDDFFDF27CA5A"
deps_digest = "F8BBB0CCB2491CA29A3DF03D6F92277A4F3574266507ACD77214D37ECA3F3082"
dependencies = [
  { id = "Sui", name = "Sui" },
]

[[move.package]]
id = "MoveStdlib"
source = { git = "https://github.com/MystenLabs/sui.git", rev = "main", subdir = "crates/sui-framework/packages/move-stdlib" }

[[move.package]]
id = "Sui"
source = { git = "https://github.com/MystenLabs/sui.git", rev = "main", subdir = "crates/sui-framework/packages/sui-framework" }

dependencies = [
  { id = "MoveStdlib", name = "MoveStdlib" },
]

[move.toolchain-version]
compiler-version = "1.44.3"
edition = "2024.beta"
flavor = "sui"

[env]

[env.local]
chain-id = "0652f80c"
original-published-id = "0xf803bbc71871830b03e02e32ab1170b13a1cc75b6ec7dd1ac591dd1588ee7d93"
latest-published-id = "0xf803bbc71871830b03e02e32ab1170b13a1cc75b6ec7dd1ac591dd1588ee7d93"
published-version = "1"

[env.testnet]
chain-id = "4c78adac"
original-published-id = "0x0fe25a24dd4a3bbafb8621cd03fee7b1a386189e74c297468c12bbd42c4af604"
latest-published-id = "0x0fe25a24dd4a3bbafb8621cd03fee7b1a386189e74c297468c12bbd42c4af604"
published-version = "1"
